
Microsoft Visual Studio Solution File, Format Version 12.00
# Visual Studio Version 17
VisualStudioVersion = 17.2.32602.215
MinimumVisualStudioVersion = 10.0.40219.1
Project("{FAE04EC0-301F-11D3-BF4B-00C04F79EFBC}") = "Pharmacy", "Pharmacy\Pharmacy.csproj", "{0D9FC4C0-40C9-4EA6-A020-4CD874A23C80}"
EndProject
Project("{FAE04EC0-301F-11D3-BF4B-00C04F79EFBC}") = "Core", "Core\Core.csproj", "{8E4EE8A2-BB11-40A7-8969-143EA2F2C772}"
EndProject
Project("{FAE04EC0-301F-11D3-BF4B-00C04F79EFBC}") = "DataAccess", "DataAccess\DataAccess.csproj", "{33C6C176-3DF5-4AC5-8495-D55EF8A815E0}"
EndProject
Global
	GlobalSection(SolutionConfigurationPlatforms) = preSolution
		Debug|Any CPU = Debug|Any CPU
		Release|Any CPU = Release|Any CPU
	EndGlobalSection
	GlobalSection(ProjectConfigurationPlatforms) = postSolution
		{0D9FC4C0-40C9-4EA6-A020-4CD874A23C80}.Debug|Any CPU.ActiveCfg = Debug|Any CPU
		{0D9FC4C0-40C9-4EA6-A020-4CD874A23C80}.Debug|Any CPU.Build.0 = Debug|Any CPU
		{0D9FC4C0-40C9-4EA6-A020-4CD874A23C80}.Release|Any CPU.ActiveCfg = Release|Any CPU
		{0D9FC4C0-40C9-4EA6-A020-4CD874A23C80}.Release|Any CPU.Build.0 = Release|Any CPU
		{8E4EE8A2-BB11-40A7-8969-143EA2F2C772}.Debug|Any CPU.ActiveCfg = Debug|Any CPU
		{8E4EE8A2-BB11-40A7-8969-143EA2F2C772}.Debug|Any CPU.Build.0 = Debug|Any CPU
		{8E4EE8A2-BB11-40A7-8969-143EA2F2C772}.Release|Any CPU.ActiveCfg = Release|Any CPU
		{8E4EE8A2-BB11-40A7-8969-143EA2F2C772}.Release|Any CPU.Build.0 = Release|Any CPU
		{33C6C176-3DF5-4AC5-8495-D55EF8A815E0}.Debug|Any CPU.ActiveCfg = Debug|Any CPU
		{33C6C176-3DF5-4AC5-8495-D55EF8A815E0}.Debug|Any CPU.Build.0 = Debug|Any CPU
		{33C6C176-3DF5-4AC5-8495-D55EF8A815E0}.Release|Any CPU.ActiveCfg = Release|Any CPU
		{33C6C176-3DF5-4AC5-8495-D55EF8A815E0}.Release|Any CPU.Build.0 = Release|Any CPU
	EndGlobalSection
	GlobalSection(SolutionProperties) = preSolution
		HideSolutionNode = FALSE
	EndGlobalSection
	GlobalSection(ExtensibilityGlobals) = postSolution
		SolutionGuid = {B2D9F5FA-6572-4962-812B-1129455C49BA}
	EndGlobalSection
EndGlobal
